{
  "requires": true,
  "lockfileVersion": 1,
  "dependencies": {
    "vue-country-flag": {
      "version": "2.1.1",
      "resolved": "https://registry.npmjs.org/vue-country-flag/-/vue-country-flag-2.1.1.tgz",
      "integrity": "sha512-rRPpmGh0tP4DOMyzBQbRUpI9jXFFHJSynGTvf+ON5JK2gY2dnU/Kb+laDDPSHHfG8pRfgMGrVhf4x7uniV8YDQ=="
    }
  }
}
